// !$*UTF8*$!
{
	archiveVersion = 1;
	classes = {
	};
	objectVersion = 46;
	objects = {

/* Begin PBXBuildFile section */
		DC04A4381D65A838001AB0DF /* ImageViewer.framework in Frameworks */ = {isa = PBXBuildFile; fileRef = DC04A4371D65A838001AB0DF /* ImageViewer.framework */; };
		DC04A4391D65A844001AB0DF /* ImageViewer.framework in Frameworks */ = {isa = PBXBuildFile; fileRef = DC04A4371D65A838001AB0DF /* ImageViewer.framework */; };
		DC04A43A1D65A844001AB0DF /* ImageViewer.framework in Embed Frameworks */ = {isa = PBXBuildFile; fileRef = DC04A4371D65A838001AB0DF /* ImageViewer.framework */; settings = {ATTRIBUTES = (CodeSignOnCopy, RemoveHeadersOnCopy, ); }; };
		DC04A43C1D65A878001AB0DF /* CounterView.swift in Sources */ = {isa = PBXBuildFile; fileRef = DC04A43B1D65A878001AB0DF /* CounterView.swift */; };
		DC04A43E1D6AFB7C001AB0DF /* SelectableButton.swift in Sources */ = {isa = PBXBuildFile; fileRef = DC04A43D1D6AFB7C001AB0DF /* SelectableButton.swift */; };
		DC04A4401D6B02BF001AB0DF /* DesignableXIBView.swift in Sources */ = {isa = PBXBuildFile; fileRef = DC04A43F1D6B02BF001AB0DF /* DesignableXIBView.swift */; };
		DC04A4421D6B03F4001AB0DF /* MonthSelector.swift in Sources */ = {isa = PBXBuildFile; fileRef = DC04A4411D6B03F4001AB0DF /* MonthSelector.swift */; };
		DC04A4441D6B0423001AB0DF /* MonthSelector.xib in Resources */ = {isa = PBXBuildFile; fileRef = DC04A4431D6B0423001AB0DF /* MonthSelector.xib */; };
		DC0F62221D7A4F2100329E44 /* Attachment.swift in Sources */ = {isa = PBXBuildFile; fileRef = DC0F621F1D7A4F2100329E44 /* Attachment.swift */; };
		DC0F62231D7A4F2100329E44 /* DiaryEntry.swift in Sources */ = {isa = PBXBuildFile; fileRef = DC0F62201D7A4F2100329E44 /* DiaryEntry.swift */; };
		DC0F62241D7A4F2100329E44 /* Tree.swift in Sources */ = {isa = PBXBuildFile; fileRef = DC0F62211D7A4F2100329E44 /* Tree.swift */; };
		DC0F62281D7AB8EC00329E44 /* GPX.swift in Sources */ = {isa = PBXBuildFile; fileRef = DC0F62261D7AB8EC00329E44 /* GPX.swift */; };
		DC0F62291D7AB8EC00329E44 /* TileServer.swift in Sources */ = {isa = PBXBuildFile; fileRef = DC0F62271D7AB8EC00329E44 /* TileServer.swift */; };
		DC0F622B1D7C078600329E44 /* EntryTableViewController.swift in Sources */ = {isa = PBXBuildFile; fileRef = DC0F622A1D7C078600329E44 /* EntryTableViewController.swift */; };
		DC2A7FF51D4CB68100D30AB8 /* MapKit.framework in Frameworks */ = {isa = PBXBuildFile; fileRef = DC2A7FF41D4CB68100D30AB8 /* MapKit.framework */; };
		DC2A7FFA1D4DE98C00D30AB8 /* BSGridCollectionViewLayout.framework in Frameworks */ = {isa = PBXBuildFile; fileRef = DC2A7FF71D4DE98C00D30AB8 /* BSGridCollectionViewLayout.framework */; };
		DC2A7FFB1D4DE98C00D30AB8 /* BSGridCollectionViewLayout.framework in Embed Frameworks */ = {isa = PBXBuildFile; fileRef = DC2A7FF71D4DE98C00D30AB8 /* BSGridCollectionViewLayout.framework */; settings = {ATTRIBUTES = (CodeSignOnCopy, RemoveHeadersOnCopy, ); }; };
		DC2A7FFC1D4DE98D00D30AB8 /* BSImagePicker.framework in Frameworks */ = {isa = PBXBuildFile; fileRef = DC2A7FF81D4DE98C00D30AB8 /* BSImagePicker.framework */; };
		DC2A7FFD1D4DE98D00D30AB8 /* BSImagePicker.framework in Embed Frameworks */ = {isa = PBXBuildFile; fileRef = DC2A7FF81D4DE98C00D30AB8 /* BSImagePicker.framework */; settings = {ATTRIBUTES = (CodeSignOnCopy, RemoveHeadersOnCopy, ); }; };
		DC2A7FFE1D4DE98D00D30AB8 /* UIImageViewModeScaleAspect.framework in Frameworks */ = {isa = PBXBuildFile; fileRef = DC2A7FF91D4DE98C00D30AB8 /* UIImageViewModeScaleAspect.framework */; };
		DC2A7FFF1D4DE98D00D30AB8 /* UIImageViewModeScaleAspect.framework in Embed Frameworks */ = {isa = PBXBuildFile; fileRef = DC2A7FF91D4DE98C00D30AB8 /* UIImageViewModeScaleAspect.framework */; settings = {ATTRIBUTES = (CodeSignOnCopy, RemoveHeadersOnCopy, ); }; };
		DC2A80071D4DFDEB00D30AB8 /* AttachmentCell.swift in Sources */ = {isa = PBXBuildFile; fileRef = DC2A80061D4DFDEB00D30AB8 /* AttachmentCell.swift */; };
		DC2A80091D4E071300D30AB8 /* AttachmentViewController.swift in Sources */ = {isa = PBXBuildFile; fileRef = DC2A80081D4E071300D30AB8 /* AttachmentViewController.swift */; };
		DC61995E1D56AF050069F6D1 /* MapViewController.swift in Sources */ = {isa = PBXBuildFile; fileRef = DC61995D1D56AF050069F6D1 /* MapViewController.swift */; };
		DC6199601D56B2930069F6D1 /* TreeAnnotation.swift in Sources */ = {isa = PBXBuildFile; fileRef = DC61995F1D56B2930069F6D1 /* TreeAnnotation.swift */; };
		DC6199621D56B35F0069F6D1 /* TreeAnnotationView.swift in Sources */ = {isa = PBXBuildFile; fileRef = DC6199611D56B35F0069F6D1 /* TreeAnnotationView.swift */; };
		DC7B40951D4CB1F00011E3CC /* AppDelegate.swift in Sources */ = {isa = PBXBuildFile; fileRef = DC7B40941D4CB1F00011E3CC /* AppDelegate.swift */; };
		DC7B40981D4CB1F00011E3CC /* TreeDiary.xcdatamodeld in Sources */ = {isa = PBXBuildFile; fileRef = DC7B40961D4CB1F00011E3CC /* TreeDiary.xcdatamodeld */; };
		DC7B409A1D4CB1F00011E3CC /* MasterViewController.swift in Sources */ = {isa = PBXBuildFile; fileRef = DC7B40991D4CB1F00011E3CC /* MasterViewController.swift */; };
		DC7B409C1D4CB1F00011E3CC /* TreeViewController.swift in Sources */ = {isa = PBXBuildFile; fileRef = DC7B409B1D4CB1F00011E3CC /* TreeViewController.swift */; };
		DC7B409F1D4CB1F00011E3CC /* Main.storyboard in Resources */ = {isa = PBXBuildFile; fileRef = DC7B409D1D4CB1F00011E3CC /* Main.storyboard */; };
		DC7B40A11D4CB1F00011E3CC /* Assets.xcassets in Resources */ = {isa = PBXBuildFile; fileRef = DC7B40A01D4CB1F00011E3CC /* Assets.xcassets */; };
		DC7B40A41D4CB1F00011E3CC /* LaunchScreen.storyboard in Resources */ = {isa = PBXBuildFile; fileRef = DC7B40A21D4CB1F00011E3CC /* LaunchScreen.storyboard */; };
		DC7B40AF1D4CB1F00011E3CC /* TreeDiaryTests.swift in Sources */ = {isa = PBXBuildFile; fileRef = DC7B40AE1D4CB1F00011E3CC /* TreeDiaryTests.swift */; };
		DC7B40BA1D4CB1F00011E3CC /* TreeDiaryUITests.swift in Sources */ = {isa = PBXBuildFile; fileRef = DC7B40B91D4CB1F00011E3CC /* TreeDiaryUITests.swift */; };
		DC7B40C81D4CB29F0011E3CC /* CoreLocation.framework in Frameworks */ = {isa = PBXBuildFile; fileRef = DC7B40C71D4CB29F0011E3CC /* CoreLocation.framework */; };
/* End PBXBuildFile section */

/* Begin PBXContainerItemProxy section */
		DC7B40AB1D4CB1F00011E3CC /* PBXContainerItemProxy */ = {
			isa = PBXContainerItemProxy;
			containerPortal = DC7B40891D4CB1F00011E3CC /* Project object */;
			proxyType = 1;
			remoteGlobalIDString = DC7B40901D4CB1F00011E3CC;
			remoteInfo = TreeDiary;
		};
		DC7B40B61D4CB1F00011E3CC /* PBXContainerItemProxy */ = {
			isa = PBXContainerItemProxy;
			containerPortal = DC7B40891D4CB1F00011E3CC /* Project object */;
			proxyType = 1;
			remoteGlobalIDString = DC7B40901D4CB1F00011E3CC;
			remoteInfo = TreeDiary;
		};
/* End PBXContainerItemProxy section */

/* Begin PBXCopyFilesBuildPhase section */
		DC2A80001D4DE98D00D30AB8 /* Embed Frameworks */ = {
			isa = PBXCopyFilesBuildPhase;
			buildActionMask = 2147483647;
			dstPath = "";
			dstSubfolderSpec = 10;
			files = (
				DC2A7FFB1D4DE98C00D30AB8 /* BSGridCollectionViewLayout.framework in Embed Frameworks */,
				DC2A7FFF1D4DE98D00D30AB8 /* UIImageViewModeScaleAspect.framework in Embed Frameworks */,
				DC04A43A1D65A844001AB0DF /* ImageViewer.framework in Embed Frameworks */,
				DC2A7FFD1D4DE98D00D30AB8 /* BSImagePicker.framework in Embed Frameworks */,
			);
			name = "Embed Frameworks";
			runOnlyForDeploymentPostprocessing = 0;
		};
/* End PBXCopyFilesBuildPhase section */

/* Begin PBXFileReference section */
		DC04A4371D65A838001AB0DF /* ImageViewer.framework */ = {isa = PBXFileReference; lastKnownFileType = wrapper.framework; name = ImageViewer.framework; path = Carthage/Build/iOS/ImageViewer.framework; sourceTree = "<group>"; };
		DC04A43B1D65A878001AB0DF /* CounterView.swift */ = {isa = PBXFileReference; fileEncoding = 4; lastKnownFileType = sourcecode.swift; path = CounterView.swift; sourceTree = "<group>"; };
		DC04A43D1D6AFB7C001AB0DF /* SelectableButton.swift */ = {isa = PBXFileReference; fileEncoding = 4; lastKnownFileType = sourcecode.swift; path = SelectableButton.swift; sourceTree = "<group>"; };
		DC04A43F1D6B02BF001AB0DF /* DesignableXIBView.swift */ = {isa = PBXFileReference; fileEncoding = 4; lastKnownFileType = sourcecode.swift; path = DesignableXIBView.swift; sourceTree = "<group>"; };
		DC04A4411D6B03F4001AB0DF /* MonthSelector.swift */ = {isa = PBXFileReference; fileEncoding = 4; lastKnownFileType = sourcecode.swift; path = MonthSelector.swift; sourceTree = "<group>"; };
		DC04A4431D6B0423001AB0DF /* MonthSelector.xib */ = {isa = PBXFileReference; fileEncoding = 4; lastKnownFileType = file.xib; path = MonthSelector.xib; sourceTree = "<group>"; };
		DC0F621F1D7A4F2100329E44 /* Attachment.swift */ = {isa = PBXFileReference; fileEncoding = 4; lastKnownFileType = sourcecode.swift; name = Attachment.swift; path = Model/Attachment.swift; sourceTree = "<group>"; };
		DC0F62201D7A4F2100329E44 /* DiaryEntry.swift */ = {isa = PBXFileReference; fileEncoding = 4; lastKnownFileType = sourcecode.swift; name = DiaryEntry.swift; path = Model/DiaryEntry.swift; sourceTree = "<group>"; };
		DC0F62211D7A4F2100329E44 /* Tree.swift */ = {isa = PBXFileReference; fileEncoding = 4; lastKnownFileType = sourcecode.swift; name = Tree.swift; path = Model/Tree.swift; sourceTree = "<group>"; };
		DC0F62261D7AB8EC00329E44 /* GPX.swift */ = {isa = PBXFileReference; fileEncoding = 4; lastKnownFileType = sourcecode.swift; path = GPX.swift; sourceTree = "<group>"; };
		DC0F62271D7AB8EC00329E44 /* TileServer.swift */ = {isa = PBXFileReference; fileEncoding = 4; lastKnownFileType = sourcecode.swift; path = TileServer.swift; sourceTree = "<group>"; };
		DC0F622A1D7C078600329E44 /* EntryTableViewController.swift */ = {isa = PBXFileReference; fileEncoding = 4; lastKnownFileType = sourcecode.swift; name = EntryTableViewController.swift; path = TreeDiary/EntryTableViewController.swift; sourceTree = SOURCE_ROOT; };
		DC2A7FF41D4CB68100D30AB8 /* MapKit.framework */ = {isa = PBXFileReference; lastKnownFileType = wrapper.framework; name = MapKit.framework; path = System/Library/Frameworks/MapKit.framework; sourceTree = SDKROOT; };
		DC2A7FF71D4DE98C00D30AB8 /* BSGridCollectionViewLayout.framework */ = {isa = PBXFileReference; lastKnownFileType = wrapper.framework; name = BSGridCollectionViewLayout.framework; path = Carthage/Build/iOS/BSGridCollectionViewLayout.framework; sourceTree = "<group>"; };
		DC2A7FF81D4DE98C00D30AB8 /* BSImagePicker.framework */ = {isa = PBXFileReference; lastKnownFileType = wrapper.framework; name = BSImagePicker.framework; path = Carthage/Build/iOS/BSImagePicker.framework; sourceTree = "<group>"; };
		DC2A7FF91D4DE98C00D30AB8 /* UIImageViewModeScaleAspect.framework */ = {isa = PBXFileReference; lastKnownFileType = wrapper.framework; name = UIImageViewModeScaleAspect.framework; path = Carthage/Build/iOS/UIImageViewModeScaleAspect.framework; sourceTree = "<group>"; };
		DC2A80061D4DFDEB00D30AB8 /* AttachmentCell.swift */ = {isa = PBXFileReference; fileEncoding = 4; lastKnownFileType = sourcecode.swift; path = AttachmentCell.swift; sourceTree = "<group>"; };
		DC2A80081D4E071300D30AB8 /* AttachmentViewController.swift */ = {isa = PBXFileReference; fileEncoding = 4; lastKnownFileType = sourcecode.swift; path = AttachmentViewController.swift; sourceTree = "<group>"; };
		DC61995D1D56AF050069F6D1 /* MapViewController.swift */ = {isa = PBXFileReference; fileEncoding = 4; lastKnownFileType = sourcecode.swift; path = MapViewController.swift; sourceTree = "<group>"; };
		DC61995F1D56B2930069F6D1 /* TreeAnnotation.swift */ = {isa = PBXFileReference; fileEncoding = 4; lastKnownFileType = sourcecode.swift; path = TreeAnnotation.swift; sourceTree = "<group>"; };
		DC6199611D56B35F0069F6D1 /* TreeAnnotationView.swift */ = {isa = PBXFileReference; fileEncoding = 4; lastKnownFileType = sourcecode.swift; path = TreeAnnotationView.swift; sourceTree = "<group>"; };
		DC7B40911D4CB1F00011E3CC /* WilliamsRoad.app */ = {isa = PBXFileReference; explicitFileType = wrapper.application; includeInIndex = 0; path = WilliamsRoad.app; sourceTree = BUILT_PRODUCTS_DIR; };
		DC7B40941D4CB1F00011E3CC /* AppDelegate.swift */ = {isa = PBXFileReference; lastKnownFileType = sourcecode.swift; path = AppDelegate.swift; sourceTree = "<group>"; };
		DC7B40971D4CB1F00011E3CC /* TreeDiary.xcdatamodel */ = {isa = PBXFileReference; lastKnownFileType = wrapper.xcdatamodel; path = TreeDiary.xcdatamodel; sourceTree = "<group>"; };
		DC7B40991D4CB1F00011E3CC /* MasterViewController.swift */ = {isa = PBXFileReference; lastKnownFileType = sourcecode.swift; path = MasterViewController.swift; sourceTree = "<group>"; };
		DC7B409B1D4CB1F00011E3CC /* TreeViewController.swift */ = {isa = PBXFileReference; lastKnownFileType = sourcecode.swift; path = TreeViewController.swift; sourceTree = "<group>"; };
		DC7B409E1D4CB1F00011E3CC /* Base */ = {isa = PBXFileReference; lastKnownFileType = file.storyboard; name = Base; path = Base.lproj/Main.storyboard; sourceTree = "<group>"; };
		DC7B40A01D4CB1F00011E3CC /* Assets.xcassets */ = {isa = PBXFileReference; lastKnownFileType = folder.assetcatalog; path = Assets.xcassets; sourceTree = "<group>"; };
		DC7B40A31D4CB1F00011E3CC /* Base */ = {isa = PBXFileReference; lastKnownFileType = file.storyboard; name = Base; path = Base.lproj/LaunchScreen.storyboard; sourceTree = "<group>"; };
		DC7B40A51D4CB1F00011E3CC /* Info.plist */ = {isa = PBXFileReference; lastKnownFileType = text.plist.xml; path = Info.plist; sourceTree = "<group>"; };
		DC7B40AA1D4CB1F00011E3CC /* WilliamsRoad.xctest */ = {isa = PBXFileReference; explicitFileType = wrapper.cfbundle; includeInIndex = 0; path = WilliamsRoad.xctest; sourceTree = BUILT_PRODUCTS_DIR; };
		DC7B40AE1D4CB1F00011E3CC /* TreeDiaryTests.swift */ = {isa = PBXFileReference; lastKnownFileType = sourcecode.swift; path = TreeDiaryTests.swift; sourceTree = "<group>"; };
		DC7B40B01D4CB1F00011E3CC /* Info.plist */ = {isa = PBXFileReference; lastKnownFileType = text.plist.xml; path = Info.plist; sourceTree = "<group>"; };
		DC7B40B51D4CB1F00011E3CC /* WilliamsRoad.xctest */ = {isa = PBXFileReference; explicitFileType = wrapper.cfbundle; includeInIndex = 0; path = WilliamsRoad.xctest; sourceTree = BUILT_PRODUCTS_DIR; };
		DC7B40B91D4CB1F00011E3CC /* TreeDiaryUITests.swift */ = {isa = PBXFileReference; lastKnownFileType = sourcecode.swift; path = TreeDiaryUITests.swift; sourceTree = "<group>"; };
		DC7B40BB1D4CB1F00011E3CC /* Info.plist */ = {isa = PBXFileReference; lastKnownFileType = text.plist.xml; path = Info.plist; sourceTree = "<group>"; };
		DC7B40C71D4CB29F0011E3CC /* CoreLocation.framework */ = {isa = PBXFileReference; lastKnownFileType = wrapper.framework; name = CoreLocation.framework; path = System/Library/Frameworks/CoreLocation.framework; sourceTree = SDKROOT; };
/* End PBXFileReference section */

/* Begin PBXFrameworksBuildPhase section */
		DC7B408E1D4CB1F00011E3CC /* Frameworks */ = {
			isa = PBXFrameworksBuildPhase;
			buildActionMask = 2147483647;
			files = (
				DC04A4381D65A838001AB0DF /* ImageViewer.framework in Frameworks */,
				DC2A7FF51D4CB68100D30AB8 /* MapKit.framework in Frameworks */,
				DC2A7FFC1D4DE98D00D30AB8 /* BSImagePicker.framework in Frameworks */,
				DC2A7FFA1D4DE98C00D30AB8 /* BSGridCollectionViewLayout.framework in Frameworks */,
				DC04A4391D65A844001AB0DF /* ImageViewer.framework in Frameworks */,
				DC2A7FFE1D4DE98D00D30AB8 /* UIImageViewModeScaleAspect.framework in Frameworks */,
				DC7B40C81D4CB29F0011E3CC /* CoreLocation.framework in Frameworks */,
			);
			runOnlyForDeploymentPostprocessing = 0;
		};
		DC7B40A71D4CB1F00011E3CC /* Frameworks */ = {
			isa = PBXFrameworksBuildPhase;
			buildActionMask = 2147483647;
			files = (
			);
			runOnlyForDeploymentPostprocessing = 0;
		};
		DC7B40B21D4CB1F00011E3CC /* Frameworks */ = {
			isa = PBXFrameworksBuildPhase;
			buildActionMask = 2147483647;
			files = (
			);
			runOnlyForDeploymentPostprocessing = 0;
		};
/* End PBXFrameworksBuildPhase section */

/* Begin PBXGroup section */
		DC0F62251D7AB8EC00329E44 /* Map */ = {
			isa = PBXGroup;
			children = (
				DC0F62261D7AB8EC00329E44 /* GPX.swift */,
				DC0F62271D7AB8EC00329E44 /* TileServer.swift */,
			);
			path = Map;
			sourceTree = "<group>";
		};
		DC2A7FF61D4DDE5000D30AB8 /* Frameworks */ = {
			isa = PBXGroup;
			children = (
				DC04A4371D65A838001AB0DF /* ImageViewer.framework */,
				DC2A7FF71D4DE98C00D30AB8 /* BSGridCollectionViewLayout.framework */,
				DC2A7FF81D4DE98C00D30AB8 /* BSImagePicker.framework */,
				DC2A7FF91D4DE98C00D30AB8 /* UIImageViewModeScaleAspect.framework */,
				DC2A7FF41D4CB68100D30AB8 /* MapKit.framework */,
				DC7B40C71D4CB29F0011E3CC /* CoreLocation.framework */,
			);
			name = Frameworks;
			sourceTree = "<group>";
		};
		DC2A80051D4DF6E100D30AB8 /* Model */ = {
			isa = PBXGroup;
			children = (
				DC0F621F1D7A4F2100329E44 /* Attachment.swift */,
				DC0F62201D7A4F2100329E44 /* DiaryEntry.swift */,
				DC0F62211D7A4F2100329E44 /* Tree.swift */,
			);
			name = Model;
			sourceTree = "<group>";
		};
		DC7B40881D4CB1F00011E3CC = {
			isa = PBXGroup;
			children = (
				DC2A7FF61D4DDE5000D30AB8 /* Frameworks */,
				DC7B40931D4CB1F00011E3CC /* TreeDiary */,
				DC7B40AD1D4CB1F00011E3CC /* TreeDiaryTests */,
				DC7B40B81D4CB1F00011E3CC /* TreeDiaryUITests */,
				DC7B40921D4CB1F00011E3CC /* Products */,
			);
			sourceTree = "<group>";
		};
		DC7B40921D4CB1F00011E3CC /* Products */ = {
			isa = PBXGroup;
			children = (
				DC7B40911D4CB1F00011E3CC /* WilliamsRoad.app */,
				DC7B40AA1D4CB1F00011E3CC /* WilliamsRoad.xctest */,
				DC7B40B51D4CB1F00011E3CC /* WilliamsRoad.xctest */,
			);
			name = Products;
			sourceTree = "<group>";
		};
		DC7B40931D4CB1F00011E3CC /* TreeDiary */ = {
			isa = PBXGroup;
			children = (
				DC2A80051D4DF6E100D30AB8 /* Model */,
				DC0F62251D7AB8EC00329E44 /* Map */,
				DC7B40941D4CB1F00011E3CC /* AppDelegate.swift */,
				DC7B40991D4CB1F00011E3CC /* MasterViewController.swift */,
				DC7B409B1D4CB1F00011E3CC /* TreeViewController.swift */,
				DC0F622A1D7C078600329E44 /* EntryTableViewController.swift */,
				DC7B409D1D4CB1F00011E3CC /* Main.storyboard */,
				DC7B40A01D4CB1F00011E3CC /* Assets.xcassets */,
				DC7B40A21D4CB1F00011E3CC /* LaunchScreen.storyboard */,
				DC7B40A51D4CB1F00011E3CC /* Info.plist */,
				DC7B40961D4CB1F00011E3CC /* TreeDiary.xcdatamodeld */,
				DC2A80061D4DFDEB00D30AB8 /* AttachmentCell.swift */,
				DC2A80081D4E071300D30AB8 /* AttachmentViewController.swift */,
				DC61995D1D56AF050069F6D1 /* MapViewController.swift */,
				DC61995F1D56B2930069F6D1 /* TreeAnnotation.swift */,
				DC6199611D56B35F0069F6D1 /* TreeAnnotationView.swift */,
				DC04A43B1D65A878001AB0DF /* CounterView.swift */,
				DC04A43D1D6AFB7C001AB0DF /* SelectableButton.swift */,
				DC04A43F1D6B02BF001AB0DF /* DesignableXIBView.swift */,
				DC04A4411D6B03F4001AB0DF /* MonthSelector.swift */,
				DC04A4431D6B0423001AB0DF /* MonthSelector.xib */,
			);
			path = TreeDiary;
			sourceTree = "<group>";
		};
		DC7B40AD1D4CB1F00011E3CC /* TreeDiaryTests */ = {
			isa = PBXGroup;
			children = (
				DC7B40AE1D4CB1F00011E3CC /* TreeDiaryTests.swift */,
				DC7B40B01D4CB1F00011E3CC /* Info.plist */,
			);
			path = TreeDiaryTests;
			sourceTree = "<group>";
		};
		DC7B40B81D4CB1F00011E3CC /* TreeDiaryUITests */ = {
			isa = PBXGroup;
			children = (
				DC7B40B91D4CB1F00011E3CC /* TreeDiaryUITests.swift */,
				DC7B40BB1D4CB1F00011E3CC /* Info.plist */,
			);
			path = TreeDiaryUITests;
			sourceTree = "<group>";
		};
/* End PBXGroup section */

/* Begin PBXNativeTarget section */
		DC7B40901D4CB1F00011E3CC /* WilliamsRoad */ = {
			isa = PBXNativeTarget;
			buildConfigurationList = DC7B40BE1D4CB1F00011E3CC /* Build configuration list for PBXNativeTarget "WilliamsRoad" */;
			buildPhases = (
				DC7B408D1D4CB1F00011E3CC /* Sources */,
				DC7B408E1D4CB1F00011E3CC /* Frameworks */,
				DC7B408F1D4CB1F00011E3CC /* Resources */,
				DC2A80001D4DE98D00D30AB8 /* Embed Frameworks */,
			);
			buildRules = (
			);
			dependencies = (
			);
			name = WilliamsRoad;
			productName = TreeDiary;
			productReference = DC7B40911D4CB1F00011E3CC /* WilliamsRoad.app */;
			productType = "com.apple.product-type.application";
		};
		DC7B40A91D4CB1F00011E3CC /* WilliamsRoadTests */ = {
			isa = PBXNativeTarget;
			buildConfigurationList = DC7B40C11D4CB1F00011E3CC /* Build configuration list for PBXNativeTarget "WilliamsRoadTests" */;
			buildPhases = (
				DC7B40A61D4CB1F00011E3CC /* Sources */,
				DC7B40A71D4CB1F00011E3CC /* Frameworks */,
				DC7B40A81D4CB1F00011E3CC /* Resources */,
			);
			buildRules = (
			);
			dependencies = (
				DC7B40AC1D4CB1F00011E3CC /* PBXTargetDependency */,
			);
			name = WilliamsRoadTests;
			productName = TreeDiaryTests;
			productReference = DC7B40AA1D4CB1F00011E3CC /* WilliamsRoad.xctest */;
			productType = "com.apple.product-type.bundle.unit-test";
		};
		DC7B40B41D4CB1F00011E3CC /* WilliamsRoadUITests */ = {
			isa = PBXNativeTarget;
			buildConfigurationList = DC7B40C41D4CB1F00011E3CC /* Build configuration list for PBXNativeTarget "WilliamsRoadUITests" */;
			buildPhases = (
				DC7B40B11D4CB1F00011E3CC /* Sources */,
				DC7B40B21D4CB1F00011E3CC /* Frameworks */,
				DC7B40B31D4CB1F00011E3CC /* Resources */,
			);
			buildRules = (
			);
			dependencies = (
				DC7B40B71D4CB1F00011E3CC /* PBXTargetDependency */,
			);
			name = WilliamsRoadUITests;
			productName = TreeDiaryUITests;
			productReference = DC7B40B51D4CB1F00011E3CC /* WilliamsRoad.xctest */;
			productType = "com.apple.product-type.bundle.ui-testing";
		};
/* End PBXNativeTarget section */

/* Begin PBXProject section */
		DC7B40891D4CB1F00011E3CC /* Project object */ = {
			isa = PBXProject;
			attributes = {
				LastSwiftUpdateCheck = 0730;
				LastUpgradeCheck = 0730;
				ORGANIZATIONNAME = Onato;
				TargetAttributes = {
					DC7B40901D4CB1F00011E3CC = {
						CreatedOnToolsVersion = 7.3.1;
					};
					DC7B40A91D4CB1F00011E3CC = {
						CreatedOnToolsVersion = 7.3.1;
						TestTargetID = DC7B40901D4CB1F00011E3CC;
					};
					DC7B40B41D4CB1F00011E3CC = {
						CreatedOnToolsVersion = 7.3.1;
						TestTargetID = DC7B40901D4CB1F00011E3CC;
					};
				};
			};
			buildConfigurationList = DC7B408C1D4CB1F00011E3CC /* Build configuration list for PBXProject "WilliamsRoad" */;
			compatibilityVersion = "Xcode 3.2";
			developmentRegion = English;
			hasScannedForEncodings = 0;
			knownRegions = (
				en,
				Base,
			);
			mainGroup = DC7B40881D4CB1F00011E3CC;
			productRefGroup = DC7B40921D4CB1F00011E3CC /* Products */;
			projectDirPath = "";
			projectRoot = "";
			targets = (
				DC7B40901D4CB1F00011E3CC /* WilliamsRoad */,
				DC7B40A91D4CB1F00011E3CC /* WilliamsRoadTests */,
				DC7B40B41D4CB1F00011E3CC /* WilliamsRoadUITests */,
			);
		};
/* End PBXProject section */

/* Begin PBXResourcesBuildPhase section */
		DC7B408F1D4CB1F00011E3CC /* Resources */ = {
			isa = PBXResourcesBuildPhase;
			buildActionMask = 2147483647;
			files = (
				DC7B40A41D4CB1F00011E3CC /* LaunchScreen.storyboard in Resources */,
				DC04A4441D6B0423001AB0DF /* MonthSelector.xib in Resources */,
				DC7B40A11D4CB1F00011E3CC /* Assets.xcassets in Resources */,
				DC7B409F1D4CB1F00011E3CC /* Main.storyboard in Resources */,
			);
			runOnlyForDeploymentPostprocessing = 0;
		};
		DC7B40A81D4CB1F00011E3CC /* Resources */ = {
			isa = PBXResourcesBuildPhase;
			buildActionMask = 2147483647;
			files = (
			);
			runOnlyForDeploymentPostprocessing = 0;
		};
		DC7B40B31D4CB1F00011E3CC /* Resources */ = {
			isa = PBXResourcesBuildPhase;
			buildActionMask = 2147483647;
			files = (
			);
			runOnlyForDeploymentPostprocessing = 0;
		};
/* End PBXResourcesBuildPhase section */

/* Begin PBXSourcesBuildPhase section */
		DC7B408D1D4CB1F00011E3CC /* Sources */ = {
			isa = PBXSourcesBuildPhase;
			buildActionMask = 2147483647;
			files = (
				DC0F62231D7A4F2100329E44 /* DiaryEntry.swift in Sources */,
				DC7B40951D4CB1F00011E3CC /* AppDelegate.swift in Sources */,
				DC2A80091D4E071300D30AB8 /* AttachmentViewController.swift in Sources */,
				DC6199621D56B35F0069F6D1 /* TreeAnnotationView.swift in Sources */,
				DC7B40981D4CB1F00011E3CC /* TreeDiary.xcdatamodeld in Sources */,
				DC0F62241D7A4F2100329E44 /* Tree.swift in Sources */,
				DC04A4421D6B03F4001AB0DF /* MonthSelector.swift in Sources */,
				DC04A4401D6B02BF001AB0DF /* DesignableXIBView.swift in Sources */,
				DC0F622B1D7C078600329E44 /* EntryTableViewController.swift in Sources */,
				DC7B409A1D4CB1F00011E3CC /* MasterViewController.swift in Sources */,
				DC61995E1D56AF050069F6D1 /* MapViewController.swift in Sources */,
				DC0F62221D7A4F2100329E44 /* Attachment.swift in Sources */,
				DC6199601D56B2930069F6D1 /* TreeAnnotation.swift in Sources */,
				DC7B409C1D4CB1F00011E3CC /* TreeViewController.swift in Sources */,
				DC2A80071D4DFDEB00D30AB8 /* AttachmentCell.swift in Sources */,
				DC04A43E1D6AFB7C001AB0DF /* SelectableButton.swift in Sources */,
				DC0F62281D7AB8EC00329E44 /* GPX.swift in Sources */,
				DC0F62291D7AB8EC00329E44 /* TileServer.swift in Sources */,
				DC04A43C1D65A878001AB0DF /* CounterView.swift in Sources */,
			);
			runOnlyForDeploymentPostprocessing = 0;
		};
		DC7B40A61D4CB1F00011E3CC /* Sources */ = {
			isa = PBXSourcesBuildPhase;
			buildActionMask = 2147483647;
			files = (
				DC7B40AF1D4CB1F00011E3CC /* TreeDiaryTests.swift in Sources */,
			);
			runOnlyForDeploymentPostprocessing = 0;
		};
		DC7B40B11D4CB1F00011E3CC /* Sources */ = {
			isa = PBXSourcesBuildPhase;
			buildActionMask = 2147483647;
			files = (
				DC7B40BA1D4CB1F00011E3CC /* TreeDiaryUITests.swift in Sources */,
			);
			runOnlyForDeploymentPostprocessing = 0;
		};
/* End PBXSourcesBuildPhase section */

/* Begin PBXTargetDependency section */
		DC7B40AC1D4CB1F00011E3CC /* PBXTargetDependency */ = {
			isa = PBXTargetDependency;
			target = DC7B40901D4CB1F00011E3CC /* WilliamsRoad */;
			targetProxy = DC7B40AB1D4CB1F00011E3CC /* PBXContainerItemProxy */;
		};
		DC7B40B71D4CB1F00011E3CC /* PBXTargetDependency */ = {
			isa = PBXTargetDependency;
			target = DC7B40901D4CB1F00011E3CC /* WilliamsRoad */;
			targetProxy = DC7B40B61D4CB1F00011E3CC /* PBXContainerItemProxy */;
		};
/* End PBXTargetDependency section */

/* Begin PBXVariantGroup section */
		DC7B409D1D4CB1F00011E3CC /* Main.storyboard */ = {
			isa = PBXVariantGroup;
			children = (
				DC7B409E1D4CB1F00011E3CC /* Base */,
			);
			name = Main.storyboard;
			sourceTree = "<group>";
		};
		DC7B40A21D4CB1F00011E3CC /* LaunchScreen.storyboard */ = {
			isa = PBXVariantGroup;
			children = (
				DC7B40A31D4CB1F00011E3CC /* Base */,
			);
			name = LaunchScreen.storyboard;
			sourceTree = "<group>";
		};
/* End PBXVariantGroup section */

/* Begin XCBuildConfiguration section */
		DC7B40BC1D4CB1F00011E3CC /* Debug */ = {
			isa = XCBuildConfiguration;
			buildSettings = {
				ALWAYS_SEARCH_USER_PATHS = NO;
				CLANG_ANALYZER_NONNULL = YES;
				CLANG_CXX_LANGUAGE_STANDARD = "gnu++0x";
				CLANG_CXX_LIBRARY = "libc++";
				CLANG_ENABLE_MODULES = YES;
				CLANG_ENABLE_OBJC_ARC = YES;
				CLANG_WARN_BOOL_CONVERSION = YES;
				CLANG_WARN_CONSTANT_CONVERSION = YES;
				CLANG_WARN_DIRECT_OBJC_ISA_USAGE = YES_ERROR;
				CLANG_WARN_EMPTY_BODY = YES;
				CLANG_WARN_ENUM_CONVERSION = YES;
				CLANG_WARN_INT_CONVERSION = YES;
				CLANG_WARN_OBJC_ROOT_CLASS = YES_ERROR;
				CLANG_WARN_UNREACHABLE_CODE = YES;
				CLANG_WARN__DUPLICATE_METHOD_MATCH = YES;
				"CODE_SIGN_IDENTITY[sdk=iphoneos*]" = "iPhone Developer";
				COPY_PHASE_STRIP = NO;
				DEBUG_INFORMATION_FORMAT = dwarf;
				ENABLE_STRICT_OBJC_MSGSEND = YES;
				ENABLE_TESTABILITY = YES;
				GCC_C_LANGUAGE_STANDARD = gnu99;
				GCC_DYNAMIC_NO_PIC = NO;
				GCC_NO_COMMON_BLOCKS = YES;
				GCC_OPTIMIZATION_LEVEL = 0;
				GCC_PREPROCESSOR_DEFINITIONS = (
					"DEBUG=1",
					"$(inherited)",
				);
				GCC_WARN_64_TO_32_BIT_CONVERSION = YES;
				GCC_WARN_ABOUT_RETURN_TYPE = YES_ERROR;
				GCC_WARN_UNDECLARED_SELECTOR = YES;
				GCC_WARN_UNINITIALIZED_AUTOS = YES_AGGRESSIVE;
				GCC_WARN_UNUSED_FUNCTION = YES;
				GCC_WARN_UNUSED_VARIABLE = YES;
				IPHONEOS_DEPLOYMENT_TARGET = 9.3;
				MTL_ENABLE_DEBUG_INFO = YES;
				ONLY_ACTIVE_ARCH = YES;
				SDKROOT = iphoneos;
				SWIFT_OPTIMIZATION_LEVEL = "-Onone";
				TARGETED_DEVICE_FAMILY = "1,2";
			};
			name = Debug;
		};
		DC7B40BD1D4CB1F00011E3CC /* Release */ = {
			isa = XCBuildConfiguration;
			buildSettings = {
				ALWAYS_SEARCH_USER_PATHS = NO;
				CLANG_ANALYZER_NONNULL = YES;
				CLANG_CXX_LANGUAGE_STANDARD = "gnu++0x";
				CLANG_CXX_LIBRARY = "libc++";
				CLANG_ENABLE_MODULES = YES;
				CLANG_ENABLE_OBJC_ARC = YES;
				CLANG_WARN_BOOL_CONVERSION = YES;
				CLANG_WARN_CONSTANT_CONVERSION = YES;
				CLANG_WARN_DIRECT_OBJC_ISA_USAGE = YES_ERROR;
				CLANG_WARN_EMPTY_BODY = YES;
				CLANG_WARN_ENUM_CONVERSION = YES;
				CLANG_WARN_INT_CONVERSION = YES;
				CLANG_WARN_OBJC_ROOT_CLASS = YES_ERROR;
				CLANG_WARN_UNREACHABLE_CODE = YES;
				CLANG_WARN__DUPLICATE_METHOD_MATCH = YES;
				"CODE_SIGN_IDENTITY[sdk=iphoneos*]" = "iPhone Developer";
				COPY_PHASE_STRIP = NO;
				DEBUG_INFORMATION_FORMAT = "dwarf-with-dsym";
				ENABLE_NS_ASSERTIONS = NO;
				ENABLE_STRICT_OBJC_MSGSEND = YES;
				GCC_C_LANGUAGE_STANDARD = gnu99;
				GCC_NO_COMMON_BLOCKS = YES;
				GCC_WARN_64_TO_32_BIT_CONVERSION = YES;
				GCC_WARN_ABOUT_RETURN_TYPE = YES_ERROR;
				GCC_WARN_UNDECLARED_SELECTOR = YES;
				GCC_WARN_UNINITIALIZED_AUTOS = YES_AGGRESSIVE;
				GCC_WARN_UNUSED_FUNCTION = YES;
				GCC_WARN_UNUSED_VARIABLE = YES;
				IPHONEOS_DEPLOYMENT_TARGET = 9.3;
				MTL_ENABLE_DEBUG_INFO = NO;
				SDKROOT = iphoneos;
				TARGETED_DEVICE_FAMILY = "1,2";
				VALIDATE_PRODUCT = YES;
			};
			name = Release;
		};
		DC7B40BF1D4CB1F00011E3CC /* Debug */ = {
			isa = XCBuildConfiguration;
			buildSettings = {
				ASSETCATALOG_COMPILER_APPICON_NAME = AppIcon;
				FRAMEWORK_SEARCH_PATHS = (
					"$(inherited)",
					"$(PROJECT_DIR)/Carthage/Build/iOS",
				);
				INFOPLIST_FILE = TreeDiary/Info.plist;
				LD_RUNPATH_SEARCH_PATHS = "$(inherited) @executable_path/Frameworks";
				PRODUCT_BUNDLE_IDENTIFIER = com.onato.WilliamsRoad;
				PRODUCT_NAME = WilliamsRoad;
			};
			name = Debug;
		};
		DC7B40C01D4CB1F00011E3CC /* Release */ = {
			isa = XCBuildConfiguration;
			buildSettings = {
				ASSETCATALOG_COMPILER_APPICON_NAME = AppIcon;
				FRAMEWORK_SEARCH_PATHS = (
					"$(inherited)",
					"$(PROJECT_DIR)/Carthage/Build/iOS",
				);
				INFOPLIST_FILE = TreeDiary/Info.plist;
				LD_RUNPATH_SEARCH_PATHS = "$(inherited) @executable_path/Frameworks";
				PRODUCT_BUNDLE_IDENTIFIER = com.onato.WilliamsRoad;
				PRODUCT_NAME = WilliamsRoad;
			};
			name = Release;
		};
		DC7B40C21D4CB1F00011E3CC /* Debug */ = {
			isa = XCBuildConfiguration;
			buildSettings = {
				BUNDLE_LOADER = "$(TEST_HOST)";
				INFOPLIST_FILE = TreeDiaryTests/Info.plist;
				LD_RUNPATH_SEARCH_PATHS = "$(inherited) @executable_path/Frameworks @loader_path/Frameworks";
				PRODUCT_BUNDLE_IDENTIFIER = com.onato.TreeDiaryTests;
				PRODUCT_NAME = WilliamsRoad;
				TEST_HOST = "$(BUILT_PRODUCTS_DIR)/WilliamsRoad.app/WilliamsRoad";
			};
			name = Debug;
		};
		DC7B40C31D4CB1F00011E3CC /* Release */ = {
			isa = XCBuildConfiguration;
			buildSettings = {
				BUNDLE_LOADER = "$(TEST_HOST)";
				INFOPLIST_FILE = TreeDiaryTests/Info.plist;
				LD_RUNPATH_SEARCH_PATHS = "$(inherited) @executable_path/Frameworks @loader_path/Frameworks";
				PRODUCT_BUNDLE_IDENTIFIER = com.onato.TreeDiaryTests;
				PRODUCT_NAME = WilliamsRoad;
				TEST_HOST = "$(BUILT_PRODUCTS_DIR)/WilliamsRoad.app/WilliamsRoad";
			};
			name = Release;
		};
		DC7B40C51D4CB1F00011E3CC /* Debug */ = {
			isa = XCBuildConfiguration;
			buildSettings = {
				INFOPLIST_FILE = TreeDiaryUITests/Info.plist;
				LD_RUNPATH_SEARCH_PATHS = "$(inherited) @executable_path/Frameworks @loader_path/Frameworks";
				PRODUCT_BUNDLE_IDENTIFIER = com.onato.TreeDiaryUITests;
				PRODUCT_NAME = WilliamsRoad;
				TEST_TARGET_NAME = TreeDiary;
			};
			name = Debug;
		};
		DC7B40C61D4CB1F00011E3CC /* Release */ = {
			isa = XCBuildConfiguration;
			buildSettings = {
				INFOPLIST_FILE = TreeDiaryUITests/Info.plist;
				LD_RUNPATH_SEARCH_PATHS = "$(inherited) @executable_path/Frameworks @loader_path/Frameworks";
				PRODUCT_BUNDLE_IDENTIFIER = com.onato.TreeDiaryUITests;
				PRODUCT_NAME = WilliamsRoad;
				TEST_TARGET_NAME = TreeDiary;
			};
			name = Release;
		};
/* End XCBuildConfiguration section */

/* Begin XCConfigurationList section */
		DC7B408C1D4CB1F00011E3CC /* Build configuration list for PBXProject "WilliamsRoad" */ = {
			isa = XCConfigurationList;
			buildConfigurations = (
				DC7B40BC1D4CB1F00011E3CC /* Debug */,
				DC7B40BD1D4CB1F00011E3CC /* Release */,
			);
			defaultConfigurationIsVisible = 0;
			defaultConfigurationName = Release;
		};
		DC7B40BE1D4CB1F00011E3CC /* Build configuration list for PBXNativeTarget "WilliamsRoad" */ = {
			isa = XCConfigurationList;
			buildConfigurations = (
				DC7B40BF1D4CB1F00011E3CC /* Debug */,
				DC7B40C01D4CB1F00011E3CC /* Release */,
			);
			defaultConfigurationIsVisible = 0;
			defaultConfigurationName = Release;
		};
		DC7B40C11D4CB1F00011E3CC /* Build configuration list for PBXNativeTarget "WilliamsRoadTests" */ = {
			isa = XCConfigurationList;
			buildConfigurations = (
				DC7B40C21D4CB1F00011E3CC /* Debug */,
				DC7B40C31D4CB1F00011E3CC /* Release */,
			);
			defaultConfigurationIsVisible = 0;
			defaultConfigurationName = Release;
		};
		DC7B40C41D4CB1F00011E3CC /* Build configuration list for PBXNativeTarget "WilliamsRoadUITests" */ = {
			isa = XCConfigurationList;
			buildConfigurations = (
				DC7B40C51D4CB1F00011E3CC /* Debug */,
				DC7B40C61D4CB1F00011E3CC /* Release */,
			);
			defaultConfigurationIsVisible = 0;
			defaultConfigurationName = Release;
		};
/* End XCConfigurationList section */

/* Begin XCVersionGroup section */
		DC7B40961D4CB1F00011E3CC /* TreeDiary.xcdatamodeld */ = {
			isa = XCVersionGroup;
			children = (
				DC7B40971D4CB1F00011E3CC /* TreeDiary.xcdatamodel */,
			);
			currentVersion = DC7B40971D4CB1F00011E3CC /* TreeDiary.xcdatamodel */;
			path = TreeDiary.xcdatamodeld;
			sourceTree = "<group>";
			versionGroupType = wrapper.xcdatamodel;
		};
/* End XCVersionGroup section */
	};
	rootObject = DC7B40891D4CB1F00011E3CC /* Project object */;
}
